
Microsoft Visual Studio Solution File, Format Version 12.00
# Visual Studio Version 17
VisualStudioVersion = 17.9.34728.123
MinimumVisualStudioVersion = 10.0.40219.1
Project("{9A19103F-16F7-4668-BE54-9A1E7A4F7556}") = "FileProvider", "FileProvider\FileProvider.csproj", "{EE1008C2-8D1B-4CC1-98D0-EE1D8E38A16F}"
EndProject
Project("{FAE04EC0-301F-11D3-BF4B-00C04F79EFBC}") = "FileProvider.UnitTests", "FileProvider.UnitTests\FileProvider.UnitTests.csproj", "{1DF35915-404D-4B1E-9DD6-F3B9B9BEF20E}"
EndProject
Global
	GlobalSection(SolutionConfigurationPlatforms) = preSolution
		Debug|Any CPU = Debug|Any CPU
		Release|Any CPU = Release|Any CPU
	EndGlobalSection
	GlobalSection(ProjectConfigurationPlatforms) = postSolution
		{EE1008C2-8D1B-4CC1-98D0-EE1D8E38A16F}.Debug|Any CPU.ActiveCfg = Debug|Any CPU
		{EE1008C2-8D1B-4CC1-98D0-EE1D8E38A16F}.Debug|Any CPU.Build.0 = Debug|Any CPU
		{EE1008C2-8D1B-4CC1-98D0-EE1D8E38A16F}.Release|Any CPU.ActiveCfg = Release|Any CPU
		{EE1008C2-8D1B-4CC1-98D0-EE1D8E38A16F}.Release|Any CPU.Build.0 = Release|Any CPU
		{1DF35915-404D-4B1E-9DD6-F3B9B9BEF20E}.Debug|Any CPU.ActiveCfg = Debug|Any CPU
		{1DF35915-404D-4B1E-9DD6-F3B9B9BEF20E}.Debug|Any CPU.Build.0 = Debug|Any CPU
		{1DF35915-404D-4B1E-9DD6-F3B9B9BEF20E}.Release|Any CPU.ActiveCfg = Release|Any CPU
		{1DF35915-404D-4B1E-9DD6-F3B9B9BEF20E}.Release|Any CPU.Build.0 = Release|Any CPU
	EndGlobalSection
	GlobalSection(SolutionProperties) = preSolution
		HideSolutionNode = FALSE
	EndGlobalSection
	GlobalSection(ExtensibilityGlobals) = postSolution
		SolutionGuid = {50F0B65E-CCBE-4708-BE2E-02CE8D97782E}
	EndGlobalSection
EndGlobal
